// !$*UTF8*$!
{
	archiveVersion = 1;
	classes = {
	};
	objectVersion = 50;
	objects = {

/* Begin PBXBuildFile section */
		D05BA3A5242A716F00C4A1A2 /* CalculatorLogic.swift in Sources */ = {isa = PBXBuildFile; fileRef = D05BA3A4242A716F00C4A1A2 /* CalculatorLogic.swift */; };
		D05BA3A7242ABEA600C4A1A2 /* CalculatorButtonStyle.swift in Sources */ = {isa = PBXBuildFile; fileRef = D05BA3A6242ABEA600C4A1A2 /* CalculatorButtonStyle.swift */; };
		D05BA3A9242ABED800C4A1A2 /* CalculatorButtonInputModel.swift in Sources */ = {isa = PBXBuildFile; fileRef = D05BA3A8242ABED800C4A1A2 /* CalculatorButtonInputModel.swift */; };
		D05BA3AC242AC00600C4A1A2 /* UIView+Extension.swift in Sources */ = {isa = PBXBuildFile; fileRef = D05BA3AB242AC00600C4A1A2 /* UIView+Extension.swift */; };
		D05BA3AF242B76FB00C4A1A2 /* Formatter.swift in Sources */ = {isa = PBXBuildFile; fileRef = D05BA3AE242B76FB00C4A1A2 /* Formatter.swift */; };
		D07BCF95242970E6000DF125 /* AppDelegate.swift in Sources */ = {isa = PBXBuildFile; fileRef = D07BCF94242970E6000DF125 /* AppDelegate.swift */; };
		D07BCF97242970E7000DF125 /* SceneDelegate.swift in Sources */ = {isa = PBXBuildFile; fileRef = D07BCF96242970E7000DF125 /* SceneDelegate.swift */; };
		D07BCF9E242970F2000DF125 /* Assets.xcassets in Resources */ = {isa = PBXBuildFile; fileRef = D07BCF9D242970F2000DF125 /* Assets.xcassets */; };
		D07BCFA1242970F2000DF125 /* LaunchScreen.storyboard in Resources */ = {isa = PBXBuildFile; fileRef = D07BCF9F242970F2000DF125 /* LaunchScreen.storyboard */; };
		D07BCFAE24297474000DF125 /* DashboardViewController.swift in Sources */ = {isa = PBXBuildFile; fileRef = D07BCFAC24297474000DF125 /* DashboardViewController.swift */; };
		D07BCFBD242A3D91000DF125 /* CalculatorButton.swift in Sources */ = {isa = PBXBuildFile; fileRef = D07BCFBC242A3D91000DF125 /* CalculatorButton.swift */; };
		D07BCFC0242A44A1000DF125 /* CalculatorInput.swift in Sources */ = {isa = PBXBuildFile; fileRef = D07BCFBF242A44A1000DF125 /* CalculatorInput.swift */; };
		D07C5C93242CD4F500B8DFE2 /* Decimial+Extension.swift in Sources */ = {isa = PBXBuildFile; fileRef = D07C5C92242CD4F500B8DFE2 /* Decimial+Extension.swift */; };
/* End PBXBuildFile section */

/* Begin PBXFileReference section */
		D05BA3A4242A716F00C4A1A2 /* CalculatorLogic.swift */ = {isa = PBXFileReference; lastKnownFileType = sourcecode.swift; path = CalculatorLogic.swift; sourceTree = "<group>"; };
		D05BA3A6242ABEA600C4A1A2 /* CalculatorButtonStyle.swift */ = {isa = PBXFileReference; lastKnownFileType = sourcecode.swift; path = CalculatorButtonStyle.swift; sourceTree = "<group>"; };
		D05BA3A8242ABED800C4A1A2 /* CalculatorButtonInputModel.swift */ = {isa = PBXFileReference; lastKnownFileType = sourcecode.swift; path = CalculatorButtonInputModel.swift; sourceTree = "<group>"; };
		D05BA3AB242AC00600C4A1A2 /* UIView+Extension.swift */ = {isa = PBXFileReference; lastKnownFileType = sourcecode.swift; path = "UIView+Extension.swift"; sourceTree = "<group>"; };
		D05BA3AE242B76FB00C4A1A2 /* Formatter.swift */ = {isa = PBXFileReference; lastKnownFileType = sourcecode.swift; path = Formatter.swift; sourceTree = "<group>"; };
		D07BCF91242970E6000DF125 /* iOS Calculator.app */ = {isa = PBXFileReference; explicitFileType = wrapper.application; includeInIndex = 0; path = "iOS Calculator.app"; sourceTree = BUILT_PRODUCTS_DIR; };
		D07BCF94242970E6000DF125 /* AppDelegate.swift */ = {isa = PBXFileReference; lastKnownFileType = sourcecode.swift; path = AppDelegate.swift; sourceTree = "<group>"; };
		D07BCF96242970E7000DF125 /* SceneDelegate.swift */ = {isa = PBXFileReference; lastKnownFileType = sourcecode.swift; path = SceneDelegate.swift; sourceTree = "<group>"; };
		D07BCF9D242970F2000DF125 /* Assets.xcassets */ = {isa = PBXFileReference; lastKnownFileType = folder.assetcatalog; path = Assets.xcassets; sourceTree = "<group>"; };
		D07BCFA0242970F2000DF125 /* Base */ = {isa = PBXFileReference; lastKnownFileType = file.storyboard; name = Base; path = Base.lproj/LaunchScreen.storyboard; sourceTree = "<group>"; };
		D07BCFA2242970F2000DF125 /* Info.plist */ = {isa = PBXFileReference; lastKnownFileType = text.plist.xml; path = Info.plist; sourceTree = "<group>"; };
		D07BCFAC24297474000DF125 /* DashboardViewController.swift */ = {isa = PBXFileReference; lastKnownFileType = sourcecode.swift; path = DashboardViewController.swift; sourceTree = "<group>"; };
		D07BCFBC242A3D91000DF125 /* CalculatorButton.swift */ = {isa = PBXFileReference; lastKnownFileType = sourcecode.swift; path = CalculatorButton.swift; sourceTree = "<group>"; };
		D07BCFBF242A44A1000DF125 /* CalculatorInput.swift */ = {isa = PBXFileReference; lastKnownFileType = sourcecode.swift; path = CalculatorInput.swift; sourceTree = "<group>"; };
		D07C5C92242CD4F500B8DFE2 /* Decimial+Extension.swift */ = {isa = PBXFileReference; lastKnownFileType = sourcecode.swift; path = "Decimial+Extension.swift"; sourceTree = "<group>"; };
/* End PBXFileReference section */

/* Begin PBXFrameworksBuildPhase section */
		D07BCF8E242970E6000DF125 /* Frameworks */ = {
			isa = PBXFrameworksBuildPhase;
			buildActionMask = 2147483647;
			files = (
			);
			runOnlyForDeploymentPostprocessing = 0;
		};
/* End PBXFrameworksBuildPhase section */

/* Begin PBXGroup section */
		D05BA3AA242ABFF500C4A1A2 /* Extension */ = {
			isa = PBXGroup;
			children = (
				D05BA3AB242AC00600C4A1A2 /* UIView+Extension.swift */,
				D07C5C92242CD4F500B8DFE2 /* Decimial+Extension.swift */,
			);
			path = Extension;
			sourceTree = "<group>";
		};
		D05BA3AD242B76EC00C4A1A2 /* Helper */ = {
			isa = PBXGroup;
			children = (
				D05BA3AE242B76FB00C4A1A2 /* Formatter.swift */,
			);
			path = Helper;
			sourceTree = "<group>";
		};
		D07BCF88242970E6000DF125 = {
			isa = PBXGroup;
			children = (
				D07BCF93242970E6000DF125 /* iOS Calculator */,
				D07BCF92242970E6000DF125 /* Products */,
			);
			sourceTree = "<group>";
		};
		D07BCF92242970E6000DF125 /* Products */ = {
			isa = PBXGroup;
			children = (
				D07BCF91242970E6000DF125 /* iOS Calculator.app */,
			);
			name = Products;
			sourceTree = "<group>";
		};
		D07BCF93242970E6000DF125 /* iOS Calculator */ = {
			isa = PBXGroup;
			children = (
				D07BCFA9242972E6000DF125 /* Configuration */,
				D07BCFAA24297307000DF125 /* Common */,
				D07BCFA8242972E0000DF125 /* Modules */,
				D07BCF9D242970F2000DF125 /* Assets.xcassets */,
				D07BCF9F242970F2000DF125 /* LaunchScreen.storyboard */,
				D07BCFA2242970F2000DF125 /* Info.plist */,
			);
			path = "iOS Calculator";
			sourceTree = "<group>";
		};
		D07BCFA8242972E0000DF125 /* Modules */ = {
			isa = PBXGroup;
			children = (
				D07BCFAB242973EB000DF125 /* Dashboard */,
			);
			path = Modules;
			sourceTree = "<group>";
		};
		D07BCFA9242972E6000DF125 /* Configuration */ = {
			isa = PBXGroup;
			children = (
				D07BCF94242970E6000DF125 /* AppDelegate.swift */,
				D07BCF96242970E7000DF125 /* SceneDelegate.swift */,
			);
			path = Configuration;
			sourceTree = "<group>";
		};
		D07BCFAA24297307000DF125 /* Common */ = {
			isa = PBXGroup;
			children = (
				D05BA3AD242B76EC00C4A1A2 /* Helper */,
				D05BA3AA242ABFF500C4A1A2 /* Extension */,
			);
			path = Common;
			sourceTree = "<group>";
		};
		D07BCFAB242973EB000DF125 /* Dashboard */ = {
			isa = PBXGroup;
			children = (
				D07BCFB0242974B5000DF125 /* Controllers */,
				D07BCFB1242A0A35000DF125 /* View */,
				D07BCFBE242A42FD000DF125 /* Model */,
			);
			path = Dashboard;
			sourceTree = "<group>";
		};
		D07BCFB0242974B5000DF125 /* Controllers */ = {
			isa = PBXGroup;
			children = (
				D07BCFAC24297474000DF125 /* DashboardViewController.swift */,
				D05BA3A4242A716F00C4A1A2 /* CalculatorLogic.swift */,
			);
			path = Controllers;
			sourceTree = "<group>";
		};
		D07BCFB1242A0A35000DF125 /* View */ = {
			isa = PBXGroup;
			children = (
				D07BCFBC242A3D91000DF125 /* CalculatorButton.swift */,
			);
			path = View;
			sourceTree = "<group>";
		};
		D07BCFBE242A42FD000DF125 /* Model */ = {
			isa = PBXGroup;
			children = (
				D05BA3A6242ABEA600C4A1A2 /* CalculatorButtonStyle.swift */,
				D05BA3A8242ABED800C4A1A2 /* CalculatorButtonInputModel.swift */,
				D07BCFBF242A44A1000DF125 /* CalculatorInput.swift */,
			);
			path = Model;
			sourceTree = "<group>";
		};
/* End PBXGroup section */

/* Begin PBXNativeTarget section */
		D07BCF90242970E6000DF125 /* iOS Calculator */ = {
			isa = PBXNativeTarget;
			buildConfigurationList = D07BCFA5242970F2000DF125 /* Build configuration list for PBXNativeTarget "iOS Calculator" */;
			buildPhases = (
				D07BCF8D242970E6000DF125 /* Sources */,
				D07BCF8E242970E6000DF125 /* Frameworks */,
				D07BCF8F242970E6000DF125 /* Resources */,
			);
			buildRules = (
			);
			dependencies = (
			);
			name = "iOS Calculator";
			productName = "iOS Calculator";
			productReference = D07BCF91242970E6000DF125 /* iOS Calculator.app */;
			productType = "com.apple.product-type.application";
		};
/* End PBXNativeTarget section */

/* Begin PBXProject section */
		D07BCF89242970E6000DF125 /* Project object */ = {
			isa = PBXProject;
			attributes = {
				LastSwiftUpdateCheck = 1130;
				LastUpgradeCheck = 1130;
				ORGANIZATIONNAME = "Peter Lizak";
				TargetAttributes = {
					D07BCF90242970E6000DF125 = {
						CreatedOnToolsVersion = 11.3.1;
					};
				};
			};
			buildConfigurationList = D07BCF8C242970E6000DF125 /* Build configuration list for PBXProject "iOS Calculator" */;
			compatibilityVersion = "Xcode 9.3";
			developmentRegion = en;
			hasScannedForEncodings = 0;
			knownRegions = (
				en,
				Base,
			);
			mainGroup = D07BCF88242970E6000DF125;
			productRefGroup = D07BCF92242970E6000DF125 /* Products */;
			projectDirPath = "";
			projectRoot = "";
			targets = (
				D07BCF90242970E6000DF125 /* iOS Calculator */,
			);
		};
/* End PBXProject section */

/* Begin PBXResourcesBuildPhase section */
		D07BCF8F242970E6000DF125 /* Resources */ = {
			isa = PBXResourcesBuildPhase;
			buildActionMask = 2147483647;
			files = (
				D07BCFA1242970F2000DF125 /* LaunchScreen.storyboard in Resources */,
				D07BCF9E242970F2000DF125 /* Assets.xcassets in Resources */,
			);
			runOnlyForDeploymentPostprocessing = 0;
		};
/* End PBXResourcesBuildPhase section */

/* Begin PBXSourcesBuildPhase section */
		D07BCF8D242970E6000DF125 /* Sources */ = {
			isa = PBXSourcesBuildPhase;
			buildActionMask = 2147483647;
			files = (
				D07BCF95242970E6000DF125 /* AppDelegate.swift in Sources */,
				D05BA3AC242AC00600C4A1A2 /* UIView+Extension.swift in Sources */,
				D05BA3AF242B76FB00C4A1A2 /* Formatter.swift in Sources */,
				D07BCFAE24297474000DF125 /* DashboardViewController.swift in Sources */,
				D05BA3A7242ABEA600C4A1A2 /* CalculatorButtonStyle.swift in Sources */,
				D07C5C93242CD4F500B8DFE2 /* Decimial+Extension.swift in Sources */,
				D05BA3A5242A716F00C4A1A2 /* CalculatorLogic.swift in Sources */,
				D05BA3A9242ABED800C4A1A2 /* CalculatorButtonInputModel.swift in Sources */,
				D07BCF97242970E7000DF125 /* SceneDelegate.swift in Sources */,
				D07BCFC0242A44A1000DF125 /* CalculatorInput.swift in Sources */,
				D07BCFBD242A3D91000DF125 /* CalculatorButton.swift in Sources */,
			);
			runOnlyForDeploymentPostprocessing = 0;
		};
/* End PBXSourcesBuildPhase section */

/* Begin PBXVariantGroup section */
		D07BCF9F242970F2000DF125 /* LaunchScreen.storyboard */ = {
			isa = PBXVariantGroup;
			children = (
				D07BCFA0242970F2000DF125 /* Base */,
			);
			name = LaunchScreen.storyboard;
			sourceTree = "<group>";
		};
/* End PBXVariantGroup section */

/* Begin XCBuildConfiguration section */
		D07BCFA3242970F2000DF125 /* Debug */ = {
			isa = XCBuildConfiguration;
			buildSettings = {
				ALWAYS_SEARCH_USER_PATHS = NO;
				CLANG_ANALYZER_NONNULL = YES;
				CLANG_ANALYZER_NUMBER_OBJECT_CONVERSION = YES_AGGRESSIVE;
				CLANG_CXX_LANGUAGE_STANDARD = "gnu++14";
				CLANG_CXX_LIBRARY = "libc++";
				CLANG_ENABLE_MODULES = YES;
				CLANG_ENABLE_OBJC_ARC = YES;
				CLANG_ENABLE_OBJC_WEAK = YES;
				CLANG_WARN_BLOCK_CAPTURE_AUTORELEASING = YES;
				CLANG_WARN_BOOL_CONVERSION = YES;
				CLANG_WARN_COMMA = YES;
				CLANG_WARN_CONSTANT_CONVERSION = YES;
				CLANG_WARN_DEPRECATED_OBJC_IMPLEMENTATIONS = YES;
				CLANG_WARN_DIRECT_OBJC_ISA_USAGE = YES_ERROR;
				CLANG_WARN_DOCUMENTATION_COMMENTS = YES;
				CLANG_WARN_EMPTY_BODY = YES;
				CLANG_WARN_ENUM_CONVERSION = YES;
				CLANG_WARN_INFINITE_RECURSION = YES;
				CLANG_WARN_INT_CONVERSION = YES;
				CLANG_WARN_NON_LITERAL_NULL_CONVERSION = YES;
				CLANG_WARN_OBJC_IMPLICIT_RETAIN_SELF = YES;
				CLANG_WARN_OBJC_LITERAL_CONVERSION = YES;
				CLANG_WARN_OBJC_ROOT_CLASS = YES_ERROR;
				CLANG_WARN_RANGE_LOOP_ANALYSIS = YES;
				CLANG_WARN_STRICT_PROTOTYPES = YES;
				CLANG_WARN_SUSPICIOUS_MOVE = YES;
				CLANG_WARN_UNGUARDED_AVAILABILITY = YES_AGGRESSIVE;
				CLANG_WARN_UNREACHABLE_CODE = YES;
				CLANG_WARN__DUPLICATE_METHOD_MATCH = YES;
				COPY_PHASE_STRIP = NO;
				DEBUG_INFORMATION_FORMAT = dwarf;
				ENABLE_STRICT_OBJC_MSGSEND = YES;
				ENABLE_TESTABILITY = YES;
				GCC_C_LANGUAGE_STANDARD = gnu11;
				GCC_DYNAMIC_NO_PIC = NO;
				GCC_NO_COMMON_BLOCKS = YES;
				GCC_OPTIMIZATION_LEVEL = 0;
				GCC_PREPROCESSOR_DEFINITIONS = (
					"DEBUG=1",
					"$(inherited)",
				);
				GCC_WARN_64_TO_32_BIT_CONVERSION = YES;
				GCC_WARN_ABOUT_RETURN_TYPE = YES_ERROR;
				GCC_WARN_UNDECLARED_SELECTOR = YES;
				GCC_WARN_UNINITIALIZED_AUTOS = YES_AGGRESSIVE;
				GCC_WARN_UNUSED_FUNCTION = YES;
				GCC_WARN_UNUSED_VARIABLE = YES;
				IPHONEOS_DEPLOYMENT_TARGET = 11.0;
				MTL_ENABLE_DEBUG_INFO = INCLUDE_SOURCE;
				MTL_FAST_MATH = YES;
				ONLY_ACTIVE_ARCH = YES;
				SDKROOT = iphoneos;
				SWIFT_ACTIVE_COMPILATION_CONDITIONS = DEBUG;
				SWIFT_OPTIMIZATION_LEVEL = "-Onone";
			};
			name = Debug;
		};
		D07BCFA4242970F2000DF125 /* Release */ = {
			isa = XCBuildConfiguration;
			buildSettings = {
				ALWAYS_SEARCH_USER_PATHS = NO;
				CLANG_ANALYZER_NONNULL = YES;
				CLANG_ANALYZER_NUMBER_OBJECT_CONVERSION = YES_AGGRESSIVE;
				CLANG_CXX_LANGUAGE_STANDARD = "gnu++14";
				CLANG_CXX_LIBRARY = "libc++";
				CLANG_ENABLE_MODULES = YES;
				CLANG_ENABLE_OBJC_ARC = YES;
				CLANG_ENABLE_OBJC_WEAK = YES;
				CLANG_WARN_BLOCK_CAPTURE_AUTORELEASING = YES;
				CLANG_WARN_BOOL_CONVERSION = YES;
				CLANG_WARN_COMMA = YES;
				CLANG_WARN_CONSTANT_CONVERSION = YES;
				CLANG_WARN_DEPRECATED_OBJC_IMPLEMENTATIONS = YES;
				CLANG_WARN_DIRECT_OBJC_ISA_USAGE = YES_ERROR;
				CLANG_WARN_DOCUMENTATION_COMMENTS = YES;
				CLANG_WARN_EMPTY_BODY = YES;
				CLANG_WARN_ENUM_CONVERSION = YES;
				CLANG_WARN_INFINITE_RECURSION = YES;
				CLANG_WARN_INT_CONVERSION = YES;
				CLANG_WARN_NON_LITERAL_NULL_CONVERSION = YES;
				CLANG_WARN_OBJC_IMPLICIT_RETAIN_SELF = YES;
				CLANG_WARN_OBJC_LITERAL_CONVERSION = YES;
				CLANG_WARN_OBJC_ROOT_CLASS = YES_ERROR;
				CLANG_WARN_RANGE_LOOP_ANALYSIS = YES;
				CLANG_WARN_STRICT_PROTOTYPES = YES;
				CLANG_WARN_SUSPICIOUS_MOVE = YES;
				CLANG_WARN_UNGUARDED_AVAILABILITY = YES_AGGRESSIVE;
				CLANG_WARN_UNREACHABLE_CODE = YES;
				CLANG_WARN__DUPLICATE_METHOD_MATCH = YES;
				COPY_PHASE_STRIP = NO;
				DEBUG_INFORMATION_FORMAT = "dwarf-with-dsym";
				ENABLE_NS_ASSERTIONS = NO;
				ENABLE_STRICT_OBJC_MSGSEND = YES;
				GCC_C_LANGUAGE_STANDARD = gnu11;
				GCC_NO_COMMON_BLOCKS = YES;
				GCC_WARN_64_TO_32_BIT_CONVERSION = YES;
				GCC_WARN_ABOUT_RETURN_TYPE = YES_ERROR;
				GCC_WARN_UNDECLARED_SELECTOR = YES;
				GCC_WARN_UNINITIALIZED_AUTOS = YES_AGGRESSIVE;
				GCC_WARN_UNUSED_FUNCTION = YES;
				GCC_WARN_UNUSED_VARIABLE = YES;
				IPHONEOS_DEPLOYMENT_TARGET = 11.0;
				MTL_ENABLE_DEBUG_INFO = NO;
				MTL_FAST_MATH = YES;
				SDKROOT = iphoneos;
				SWIFT_COMPILATION_MODE = wholemodule;
				SWIFT_OPTIMIZATION_LEVEL = "-O";
				VALIDATE_PRODUCT = YES;
			};
			name = Release;
		};
		D07BCFA6242970F2000DF125 /* Debug */ = {
			isa = XCBuildConfiguration;
			buildSettings = {
				ASSETCATALOG_COMPILER_APPICON_NAME = AppIcon;
				CODE_SIGN_STYLE = Automatic;
				DEVELOPMENT_TEAM = 62JD93G7RB;
				INFOPLIST_FILE = "iOS Calculator/Info.plist";
				LD_RUNPATH_SEARCH_PATHS = (
					"$(inherited)",
					"@executable_path/Frameworks",
				);
				PRODUCT_BUNDLE_IDENTIFIER = "peter.lizak.iOS-Calculator";
				PRODUCT_NAME = "$(TARGET_NAME)";
				SWIFT_VERSION = 5.0;
				TARGETED_DEVICE_FAMILY = "1,2";
			};
			name = Debug;
		};
		D07BCFA7242970F2000DF125 /* Release */ = {
			isa = XCBuildConfiguration;
			buildSettings = {
				ASSETCATALOG_COMPILER_APPICON_NAME = AppIcon;
				CODE_SIGN_STYLE = Automatic;
				DEVELOPMENT_TEAM = 62JD93G7RB;
				INFOPLIST_FILE = "iOS Calculator/Info.plist";
				LD_RUNPATH_SEARCH_PATHS = (
					"$(inherited)",
					"@executable_path/Frameworks",
				);
				PRODUCT_BUNDLE_IDENTIFIER = "peter.lizak.iOS-Calculator";
				PRODUCT_NAME = "$(TARGET_NAME)";
				SWIFT_VERSION = 5.0;
				TARGETED_DEVICE_FAMILY = "1,2";
			};
			name = Release;
		};
/* End XCBuildConfiguration section */

/* Begin XCConfigurationList section */
		D07BCF8C242970E6000DF125 /* Build configuration list for PBXProject "iOS Calculator" */ = {
			isa = XCConfigurationList;
			buildConfigurations = (
				D07BCFA3242970F2000DF125 /* Debug */,
				D07BCFA4242970F2000DF125 /* Release */,
			);
			defaultConfigurationIsVisible = 0;
			defaultConfigurationName = Release;
		};
		D07BCFA5242970F2000DF125 /* Build configuration list for PBXNativeTarget "iOS Calculator" */ = {
			isa = XCConfigurationList;
			buildConfigurations = (
				D07BCFA6242970F2000DF125 /* Debug */,
				D07BCFA7242970F2000DF125 /* Release */,
			);
			defaultConfigurationIsVisible = 0;
			defaultConfigurationName = Release;
		};
/* End XCConfigurationList section */
	};
	rootObject = D07BCF89242970E6000DF125 /* Project object */;
}
